{
  "originHash" : "df8dbaaf317389ce875d5ccdfacf049a9740021c7cbce44f6f51e762aa82a1e9",
  "pins" : [
    {
      "identity" : "euclid",
      "kind" : "remoteSourceControl",
      "location" : "https://github.com/nicklockwood/Euclid.git",
      "state" : {
        "branch" : "main",
        "revision" : "0409eab36ce4e726e5c66f8885500fb97b030994"
      }
    },
    {
      "identity" : "peakoperation",
      "kind" : "remoteSourceControl",
      "location" : "https://github.com/Velociti-Solutions/PeakOperation.git",
      "state" : {
        "branch" : "master",
        "revision" : "f5070818152d65d001455992c0b414727f8e19d4"
      }
    },
    {
      "identity" : "swift-argument-parser",
      "kind" : "remoteSourceControl",
      "location" : "https://github.com/apple/swift-argument-parser",
      "state" : {
        "revision" : "6a52f3251125d74daf04fcbd5e6f08a75d074382",
        "version" : "1.8.2"
      }
    }
  ],
  "version" : 3
}
